// !$*UTF8*$!
{
	archiveVersion = 1;
	classes = {
	};
	objectVersion = 46;
	objects = {

/* Begin PBXBuildFile section */
		97583AA71C46F86F00FCD56D /* main.m in Sources */ = {isa = PBXBuildFile; fileRef = 97583AA61C46F86F00FCD56D /* main.m */; };
		97583AAA1C46F86F00FCD56D /* AppDelegate.m in Sources */ = {isa = PBXBuildFile; fileRef = 97583AA91C46F86F00FCD56D /* AppDelegate.m */; };
		97583AAD1C46F86F00FCD56D /* ViewController.m in Sources */ = {isa = PBXBuildFile; fileRef = 97583AAC1C46F86F00FCD56D /* ViewController.m */; };
		97583AB01C46F86F00FCD56D /* Main.storyboard in Resources */ = {isa = PBXBuildFile; fileRef = 97583AAE1C46F86F00FCD56D /* Main.storyboard */; };
		97583AB21C46F86F00FCD56D /* Assets.xcassets in Resources */ = {isa = PBXBuildFile; fileRef = 97583AB11C46F86F00FCD56D /* Assets.xcassets */; };
		97583AB51C46F86F00FCD56D /* LaunchScreen.storyboard in Resources */ = {isa = PBXBuildFile; fileRef = 97583AB31C46F86F00FCD56D /* LaunchScreen.storyboard */; };
/* End PBXBuildFile section */

/* Begin PBXFileReference section */
		97583AA21C46F86F00FCD56D /* Twitterizer.app */ = {isa = PBXFileReference; explicitFileType = wrapper.application; includeInIndex = 0; path = Twitterizer.app; sourceTree = BUILT_PRODUCTS_DIR; };
		97583AA61C46F86F00FCD56D /* main.m */ = {isa = PBXFileReference; lastKnownFileType = sourcecode.c.objc; path = main.m; sourceTree = "<group>"; };
		97583AA81C46F86F00FCD56D /* AppDelegate.h */ = {isa = PBXFileReference; lastKnownFileType = sourcecode.c.h; path = AppDelegate.h; sourceTree = "<group>"; };
		97583AA91C46F86F00FCD56D /* AppDelegate.m */ = {isa = PBXFileReference; lastKnownFileType = sourcecode.c.objc; path = AppDelegate.m; sourceTree = "<group>"; };
		97583AAB1C46F86F00FCD56D /* ViewController.h */ = {isa = PBXFileReference; lastKnownFileType = sourcecode.c.h; path = ViewController.h; sourceTree = "<group>"; };
		97583AAC1C46F86F00FCD56D /* ViewController.m */ = {isa = PBXFileReference; lastKnownFileType = sourcecode.c.objc; path = ViewController.m; sourceTree = "<group>"; };
		97583AAF1C46F86F00FCD56D /* Base */ = {isa = PBXFileReference; lastKnownFileType = file.storyboard; name = Base; path = Base.lproj/Main.storyboard; sourceTree = "<group>"; };
		97583AB11C46F86F00FCD56D /* Assets.xcassets */ = {isa = PBXFileReference; lastKnownFileType = folder.assetcatalog; path = Assets.xcassets; sourceTree = "<group>"; };
		97583AB41C46F86F00FCD56D /* Base */ = {isa = PBXFileReference; lastKnownFileType = file.storyboard; name = Base; path = Base.lproj/LaunchScreen.storyboard; sourceTree = "<group>"; };
		97583AB61C46F86F00FCD56D /* Info.plist */ = {isa = PBXFileReference; lastKnownFileType = text.plist.xml; path = Info.plist; sourceTree = "<group>"; };
/* End PBXFileReference section */

/* Begin PBXFrameworksBuildPhase section */
		97583A9F1C46F86F00FCD56D /* Frameworks */ = {
			isa = PBXFrameworksBuildPhase;
			buildActionMask = 2147483647;
			files = (
			);
			runOnlyForDeploymentPostprocessing = 0;
		};
/* End PBXFrameworksBuildPhase section */

/* Begin PBXGroup section */
		97583A991C46F86F00FCD56D = {
			isa = PBXGroup;
			children = (
				97583AA41C46F86F00FCD56D /* Twitterizer */,
				97583AA31C46F86F00FCD56D /* Products */,
			);
			sourceTree = "<group>";
		};
		97583AA31C46F86F00FCD56D /* Products */ = {
			isa = PBXGroup;
			children = (
				97583AA21C46F86F00FCD56D /* Twitterizer.app */,
			);
			name = Products;
			sourceTree = "<group>";
		};
		97583AA41C46F86F00FCD56D /* Twitterizer */ = {
			isa = PBXGroup;
			children = (
				97583AA81C46F86F00FCD56D /* AppDelegate.h */,
				97583AA91C46F86F00FCD56D /* AppDelegate.m */,
				97583AAB1C46F86F00FCD56D /* ViewController.h */,
				97583AAC1C46F86F00FCD56D /* ViewController.m */,
				97583AAE1C46F86F00FCD56D /* Main.storyboard */,
				97583AB11C46F86F00FCD56D /* Assets.xcassets */,
				97583AB31C46F86F00FCD56D /* LaunchScreen.storyboard */,
				97583AB61C46F86F00FCD56D /* Info.plist */,
				97583AA51C46F86F00FCD56D /* Supporting Files */,
			);
			path = Twitterizer;
			sourceTree = "<group>";
		};
		97583AA51C46F86F00FCD56D /* Supporting Files */ = {
			isa = PBXGroup;
			children = (
				97583AA61C46F86F00FCD56D /* main.m */,
			);
			name = "Supporting Files";
			sourceTree = "<group>";
		};
/* End PBXGroup section */

/* Begin PBXNativeTarget section */
		97583AA11C46F86F00FCD56D /* Twitterizer */ = {
			isa = PBXNativeTarget;
			buildConfigurationList = 97583AB91C46F86F00FCD56D /* Build configuration list for PBXNativeTarget "Twitterizer" */;
			buildPhases = (
				97583A9E1C46F86F00FCD56D /* Sources */,
				97583A9F1C46F86F00FCD56D /* Frameworks */,
				97583AA01C46F86F00FCD56D /* Resources */,
			);
			buildRules = (
			);
			dependencies = (
			);
			name = Twitterizer;
			productName = Twitterizer;
			productReference = 97583AA21C46F86F00FCD56D /* Twitterizer.app */;
			productType = "com.apple.product-type.application";
		};
/* End PBXNativeTarget section */

/* Begin PBXProject section */
		97583A9A1C46F86F00FCD56D /* Project object */ = {
			isa = PBXProject;
			attributes = {
				LastUpgradeCheck = 0720;
				ORGANIZATIONNAME = "Andrew Chen";
				TargetAttributes = {
					97583AA11C46F86F00FCD56D = {
						CreatedOnToolsVersion = 7.2;
					};
				};
			};
			buildConfigurationList = 97583A9D1C46F86F00FCD56D /* Build configuration list for PBXProject "Twitterizer" */;
			compatibilityVersion = "Xcode 3.2";
			developmentRegion = English;
			hasScannedForEncodings = 0;
			knownRegions = (
				en,
				Base,
			);
			mainGroup = 97583A991C46F86F00FCD56D;
			productRefGroup = 97583AA31C46F86F00FCD56D /* Products */;
			projectDirPath = "";
			projectRoot = "";
			targets = (
				97583AA11C46F86F00FCD56D /* Twitterizer */,
			);
		};
/* End PBXProject section */

/* Begin PBXResourcesBuildPhase section */
		97583AA01C46F86F00FCD56D /* Resources */ = {
			isa = PBXResourcesBuildPhase;
			buildActionMask = 2147483647;
			files = (
				97583AB51C46F86F00FCD56D /* LaunchScreen.storyboard in Resources */,
				97583AB21C46F86F00FCD56D /* Assets.xcassets in Resources */,
				97583AB01C46F86F00FCD56D /* Main.storyboard in Resources */,
			);
			runOnlyForDeploymentPostprocessing = 0;
		};
/* End PBXResourcesBuildPhase section */

/* Begin PBXSourcesBuildPhase section */
		97583A9E1C46F86F00FCD56D /* Sources */ = {
			isa = PBXSourcesBuildPhase;
			buildActionMask = 2147483647;
			files = (
				97583AAD1C46F86F00FCD56D /* ViewController.m in Sources */,
				97583AAA1C46F86F00FCD56D /* AppDelegate.m in Sources */,
				97583AA71C46F86F00FCD56D /* main.m in Sources */,
			);
			runOnlyForDeploymentPostprocessing = 0;
		};
/* End PBXSourcesBuildPhase section */

/* Begin PBXVariantGroup section */
		97583AAE1C46F86F00FCD56D /* Main.storyboard */ = {
			isa = PBXVariantGroup;
			children = (
				97583AAF1C46F86F00FCD56D /* Base */,
			);
			name = Main.storyboard;
			sourceTree = "<group>";
		};
		97583AB31C46F86F00FCD56D /* LaunchScreen.storyboard */ = {
			isa = PBXVariantGroup;
			children = (
				97583AB41C46F86F00FCD56D /* Base */,
			);
			name = LaunchScreen.storyboard;
			sourceTree = "<group>";
		};
/* End PBXVariantGroup section */

/* Begin XCBuildConfiguration section */
		97583AB71C46F86F00FCD56D /* Debug */ = {
			isa = XCBuildConfiguration;
			buildSettings = {
				ALWAYS_SEARCH_USER_PATHS = NO;
				CLANG_CXX_LANGUAGE_STANDARD = "gnu++0x";
				CLANG_CXX_LIBRARY = "libc++";
				CLANG_ENABLE_MODULES = YES;
				CLANG_ENABLE_OBJC_ARC = YES;
				CLANG_WARN_BOOL_CONVERSION = YES;
				CLANG_WARN_CONSTANT_CONVERSION = YES;
				CLANG_WARN_DIRECT_OBJC_ISA_USAGE = YES_ERROR;
				CLANG_WARN_EMPTY_BODY = YES;
				CLANG_WARN_ENUM_CONVERSION = YES;
				CLANG_WARN_INT_CONVERSION = YES;
				CLANG_WARN_OBJC_ROOT_CLASS = YES_ERROR;
				CLANG_WARN_UNREACHABLE_CODE = YES;
				CLANG_WARN__DUPLICATE_METHOD_MATCH = YES;
				"CODE_SIGN_IDENTITY[sdk=iphoneos*]" = "iPhone Developer";
				COPY_PHASE_STRIP = NO;
				DEBUG_INFORMATION_FORMAT = dwarf;
				ENABLE_STRICT_OBJC_MSGSEND = YES;
				ENABLE_TESTABILITY = YES;
				GCC_C_LANGUAGE_STANDARD = gnu99;
				GCC_DYNAMIC_NO_PIC = NO;
				GCC_NO_COMMON_BLOCKS = YES;
				GCC_OPTIMIZATION_LEVEL = 0;
				GCC_PREPROCESSOR_DEFINITIONS = (
					"DEBUG=1",
					"$(inherited)",
				);
				GCC_WARN_64_TO_32_BIT_CONVERSION = YES;
				GCC_WARN_ABOUT_RETURN_TYPE = YES_ERROR;
				GCC_WARN_UNDECLARED_SELECTOR = YES;
				GCC_WARN_UNINITIALIZED_AUTOS = YES_AGGRESSIVE;
				GCC_WARN_UNUSED_FUNCTION = YES;
				GCC_WARN_UNUSED_VARIABLE = YES;
				IPHONEOS_DEPLOYMENT_TARGET = 9.2;
				MTL_ENABLE_DEBUG_INFO = YES;
				ONLY_ACTIVE_ARCH = YES;
				SDKROOT = iphoneos;
			};
			name = Debug;
		};
		97583AB81C46F86F00FCD56D /* Release */ = {
			isa = XCBuildConfiguration;
			buildSettings = {
				ALWAYS_SEARCH_USER_PATHS = NO;
				CLANG_CXX_LANGUAGE_STANDARD = "gnu++0x";
				CLANG_CXX_LIBRARY = "libc++";
				CLANG_ENABLE_MODULES = YES;
				CLANG_ENABLE_OBJC_ARC = YES;
				CLANG_WARN_BOOL_CONVERSION = YES;
				CLANG_WARN_CONSTANT_CONVERSION = YES;
				CLANG_WARN_DIRECT_OBJC_ISA_USAGE = YES_ERROR;
				CLANG_WARN_EMPTY_BODY = YES;
				CLANG_WARN_ENUM_CONVERSION = YES;
				CLANG_WARN_INT_CONVERSION = YES;
				CLANG_WARN_OBJC_ROOT_CLASS = YES_ERROR;
				CLANG_WARN_UNREACHABLE_CODE = YES;
				CLANG_WARN__DUPLICATE_METHOD_MATCH = YES;
				"CODE_SIGN_IDENTITY[sdk=iphoneos*]" = "iPhone Developer";
				COPY_PHASE_STRIP = NO;
				DEBUG_INFORMATION_FORMAT = "dwarf-with-dsym";
				ENABLE_NS_ASSERTIONS = NO;
				ENABLE_STRICT_OBJC_MSGSEND = YES;
				GCC_C_LANGUAGE_STANDARD = gnu99;
				GCC_NO_COMMON_BLOCKS = YES;
				GCC_WARN_64_TO_32_BIT_CONVERSION = YES;
				GCC_WARN_ABOUT_RETURN_TYPE = YES_ERROR;
				GCC_WARN_UNDECLARED_SELECTOR = YES;
				GCC_WARN_UNINITIALIZED_AUTOS = YES_AGGRESSIVE;
				GCC_WARN_UNUSED_FUNCTION = YES;
				GCC_WARN_UNUSED_VARIABLE = YES;
				IPHONEOS_DEPLOYMENT_TARGET = 9.2;
				MTL_ENABLE_DEBUG_INFO = NO;
				SDKROOT = iphoneos;
				VALIDATE_PRODUCT = YES;
			};
			name = Release;
		};
		97583ABA1C46F86F00FCD56D /* Debug */ = {
			isa = XCBuildConfiguration;
			buildSettings = {
				ASSETCATALOG_COMPILER_APPICON_NAME = AppIcon;
				INFOPLIST_FILE = Twitterizer/Info.plist;
				LD_RUNPATH_SEARCH_PATHS = "$(inherited) @executable_path/Frameworks";
				PRODUCT_BUNDLE_IDENTIFIER = andrewchen.Twitterizer;
				PRODUCT_NAME = "$(TARGET_NAME)";
			};
			name = Debug;
		};
		97583ABB1C46F86F00FCD56D /* Release */ = {
			isa = XCBuildConfiguration;
			buildSettings = {
				ASSETCATALOG_COMPILER_APPICON_NAME = AppIcon;
				INFOPLIST_FILE = Twitterizer/Info.plist;
				LD_RUNPATH_SEARCH_PATHS = "$(inherited) @executable_path/Frameworks";
				PRODUCT_BUNDLE_IDENTIFIER = andrewchen.Twitterizer;
				PRODUCT_NAME = "$(TARGET_NAME)";
			};
			name = Release;
		};
/* End XCBuildConfiguration section */

/* Begin XCConfigurationList section */
		97583A9D1C46F86F00FCD56D /* Build configuration list for PBXProject "Twitterizer" */ = {
			isa = XCConfigurationList;
			buildConfigurations = (
				97583AB71C46F86F00FCD56D /* Debug */,
				97583AB81C46F86F00FCD56D /* Release */,
			);
			defaultConfigurationIsVisible = 0;
			defaultConfigurationName = Release;
		};
		97583AB91C46F86F00FCD56D /* Build configuration list for PBXNativeTarget "Twitterizer" */ = {
			isa = XCConfigurationList;
			buildConfigurations = (
				97583ABA1C46F86F00FCD56D /* Debug */,
				97583ABB1C46F86F00FCD56D /* Release */,
			);
			defaultConfigurationIsVisible = 0;
		};
/* End XCConfigurationList section */
	};
	rootObject = 97583A9A1C46F86F00FCD56D /* Project object */;
}
